{
  "originHash" : "9e5eccef9420c85105c8b0bc97b3dec46d6efbb06ebc61d41e2ccdc0e6753f47",
  "pins" : [
    {
      "identity" : "stableid",
      "kind" : "remoteSourceControl",
      "location" : "https://github.com/codykerns/StableID",
      "state" : {
        "revision" : "926428ac523e9ee4b5839fe7343e944f5deebee3",
        "version" : "0.4.1"
      }
    }
  ],
  "version" : 3
}
